
Microsoft Visual Studio Solution File, Format Version 12.00
# Visual Studio 2012
Project("{070BCB52-5A75-4F8C-A973-144AF0EAFCC9}") = "MobileOrganizer", "MobileOrganizer\MobileOrganizer.iceproj", "{0466D61E-A6CE-4EBC-8B2F-EEBDB08246BD}"
EndProject
Global
	GlobalSection(SolutionConfigurationPlatforms) = preSolution
		Debug|Any CPU = Debug|Any CPU
		Release|Any CPU = Release|Any CPU
	EndGlobalSection
	GlobalSection(ProjectConfigurationPlatforms) = postSolution
		{0466D61E-A6CE-4EBC-8B2F-EEBDB08246BD}.Debug|Any CPU.ActiveCfg = Debug|Any CPU
		{0466D61E-A6CE-4EBC-8B2F-EEBDB08246BD}.Debug|Any CPU.Build.0 = Debug|Any CPU
		{0466D61E-A6CE-4EBC-8B2F-EEBDB08246BD}.Release|Any CPU.ActiveCfg = Release|Any CPU
		{0466D61E-A6CE-4EBC-8B2F-EEBDB08246BD}.Release|Any CPU.Build.0 = Release|Any CPU
	EndGlobalSection
	GlobalSection(SolutionProperties) = preSolution
		HideSolutionNode = FALSE
	EndGlobalSection
EndGlobal
